
Microsoft Visual Studio Solution File, Format Version 12.00
# Visual Studio Version 16
VisualStudioVersion = 16.0.32002.261
MinimumVisualStudioVersion = 10.0.40219.1
Project("{FAE04EC0-301F-11D3-BF4B-00C04F79EFBC}") = "Calastone.Application", "Calastone.Application\Calastone.Application.csproj", "{04278F99-E2CD-4F76-9B33-2A1A260909CF}"
EndProject
Project("{FAE04EC0-301F-11D3-BF4B-00C04F79EFBC}") = "Calastone.Infrastructure", "Calastone.Infrastructure\Calastone.Infrastructure.csproj", "{6C814CD3-B14D-40DD-8C43-A5642548B09C}"
EndProject
Project("{FAE04EC0-301F-11D3-BF4B-00C04F79EFBC}") = "Calastone.Services", "Calastone.Services\Calastone.Services.csproj", "{8CC0880C-21CD-441B-98FB-3FFA04368749}"
EndProject
Project("{FAE04EC0-301F-11D3-BF4B-00C04F79EFBC}") = "Calastone.ConsoleApplication", "Calastone.Console\Calastone.ConsoleApplication.csproj", "{5B207B7F-FF83-4531-A1BD-043101B83EEA}"
EndProject
Project("{FAE04EC0-301F-11D3-BF4B-00C04F79EFBC}") = "Calastone.Test", "Calastone.Test\Calastone.Test.csproj", "{F2428F30-DC70-4406-82BD-D346968766EF}"
EndProject
Global
	GlobalSection(SolutionConfigurationPlatforms) = preSolution
		Debug|Any CPU = Debug|Any CPU
		Release|Any CPU = Release|Any CPU
	EndGlobalSection
	GlobalSection(ProjectConfigurationPlatforms) = postSolution
		{04278F99-E2CD-4F76-9B33-2A1A260909CF}.Debug|Any CPU.ActiveCfg = Debug|Any CPU
		{04278F99-E2CD-4F76-9B33-2A1A260909CF}.Debug|Any CPU.Build.0 = Debug|Any CPU
		{04278F99-E2CD-4F76-9B33-2A1A260909CF}.Release|Any CPU.ActiveCfg = Release|Any CPU
		{04278F99-E2CD-4F76-9B33-2A1A260909CF}.Release|Any CPU.Build.0 = Release|Any CPU
		{6C814CD3-B14D-40DD-8C43-A5642548B09C}.Debug|Any CPU.ActiveCfg = Debug|Any CPU
		{6C814CD3-B14D-40DD-8C43-A5642548B09C}.Debug|Any CPU.Build.0 = Debug|Any CPU
		{6C814CD3-B14D-40DD-8C43-A5642548B09C}.Release|Any CPU.ActiveCfg = Release|Any CPU
		{6C814CD3-B14D-40DD-8C43-A5642548B09C}.Release|Any CPU.Build.0 = Release|Any CPU
		{8CC0880C-21CD-441B-98FB-3FFA04368749}.Debug|Any CPU.ActiveCfg = Debug|Any CPU
		{8CC0880C-21CD-441B-98FB-3FFA04368749}.Debug|Any CPU.Build.0 = Debug|Any CPU
		{8CC0880C-21CD-441B-98FB-3FFA04368749}.Release|Any CPU.ActiveCfg = Release|Any CPU
		{8CC0880C-21CD-441B-98FB-3FFA04368749}.Release|Any CPU.Build.0 = Release|Any CPU
		{5B207B7F-FF83-4531-A1BD-043101B83EEA}.Debug|Any CPU.ActiveCfg = Debug|Any CPU
		{5B207B7F-FF83-4531-A1BD-043101B83EEA}.Debug|Any CPU.Build.0 = Debug|Any CPU
		{5B207B7F-FF83-4531-A1BD-043101B83EEA}.Release|Any CPU.ActiveCfg = Release|Any CPU
		{5B207B7F-FF83-4531-A1BD-043101B83EEA}.Release|Any CPU.Build.0 = Release|Any CPU
		{F2428F30-DC70-4406-82BD-D346968766EF}.Debug|Any CPU.ActiveCfg = Debug|Any CPU
		{F2428F30-DC70-4406-82BD-D346968766EF}.Debug|Any CPU.Build.0 = Debug|Any CPU
		{F2428F30-DC70-4406-82BD-D346968766EF}.Release|Any CPU.ActiveCfg = Release|Any CPU
		{F2428F30-DC70-4406-82BD-D346968766EF}.Release|Any CPU.Build.0 = Release|Any CPU
	EndGlobalSection
	GlobalSection(SolutionProperties) = preSolution
		HideSolutionNode = FALSE
	EndGlobalSection
	GlobalSection(ExtensibilityGlobals) = postSolution
		SolutionGuid = {FA117D5F-CF49-4610-82A6-359B005F42FF}
	EndGlobalSection
EndGlobal
